
Microsoft Visual Studio Solution File, Format Version 12.00
# Visual Studio Version 17
VisualStudioVersion = 17.3.32819.101
MinimumVisualStudioVersion = 10.0.40219.1
Project("{FAE04EC0-301F-11D3-BF4B-00C04F79EFBC}") = "Övningsuppgifter_Kap_3", "Övningsuppgifter_Kap_3\Övningsuppgifter_Kap_3.csproj", "{AE6C68B4-7B15-4317-B8BA-71C624D44E9A}"
EndProject
Global
	GlobalSection(SolutionConfigurationPlatforms) = preSolution
		Debug|Any CPU = Debug|Any CPU
		Release|Any CPU = Release|Any CPU
	EndGlobalSection
	GlobalSection(ProjectConfigurationPlatforms) = postSolution
		{AE6C68B4-7B15-4317-B8BA-71C624D44E9A}.Debug|Any CPU.ActiveCfg = Debug|Any CPU
		{AE6C68B4-7B15-4317-B8BA-71C624D44E9A}.Debug|Any CPU.Build.0 = Debug|Any CPU
		{AE6C68B4-7B15-4317-B8BA-71C624D44E9A}.Release|Any CPU.ActiveCfg = Release|Any CPU
		{AE6C68B4-7B15-4317-B8BA-71C624D44E9A}.Release|Any CPU.Build.0 = Release|Any CPU
	EndGlobalSection
	GlobalSection(SolutionProperties) = preSolution
		HideSolutionNode = FALSE
	EndGlobalSection
	GlobalSection(ExtensibilityGlobals) = postSolution
		SolutionGuid = {140A8E02-6721-46BD-A51D-9EF242CF9A0C}
	EndGlobalSection
EndGlobal
